
Microsoft Visual Studio Solution File, Format Version 12.00
# Visual Studio Version 17
VisualStudioVersion = 17.4.33213.308
MinimumVisualStudioVersion = 10.0.40219.1
Project("{9A19103F-16F7-4668-BE54-9A1E7A4F7556}") = "RecordCollectionUI", "RecordCollectionUI\RecordCollectionUI.csproj", "{D7F118A3-A9F3-474A-8567-737928427586}"
EndProject
Project("{00D1A9C2-B5F0-4AF3-8072-F6C62B433612}") = "RecordCollectionDB", "RecordCollectionDB\RecordCollectionDB.sqlproj", "{3983B235-0C10-4A22-B7C1-12231E87D460}"
EndProject
Global
	GlobalSection(SolutionConfigurationPlatforms) = preSolution
		Debug|Any CPU = Debug|Any CPU
		Release|Any CPU = Release|Any CPU
	EndGlobalSection
	GlobalSection(ProjectConfigurationPlatforms) = postSolution
		{D7F118A3-A9F3-474A-8567-737928427586}.Debug|Any CPU.ActiveCfg = Debug|Any CPU
		{D7F118A3-A9F3-474A-8567-737928427586}.Debug|Any CPU.Build.0 = Debug|Any CPU
		{D7F118A3-A9F3-474A-8567-737928427586}.Release|Any CPU.ActiveCfg = Release|Any CPU
		{D7F118A3-A9F3-474A-8567-737928427586}.Release|Any CPU.Build.0 = Release|Any CPU
		{3983B235-0C10-4A22-B7C1-12231E87D460}.Debug|Any CPU.ActiveCfg = Debug|Any CPU
		{3983B235-0C10-4A22-B7C1-12231E87D460}.Debug|Any CPU.Build.0 = Debug|Any CPU
		{3983B235-0C10-4A22-B7C1-12231E87D460}.Debug|Any CPU.Deploy.0 = Debug|Any CPU
		{3983B235-0C10-4A22-B7C1-12231E87D460}.Release|Any CPU.ActiveCfg = Release|Any CPU
		{3983B235-0C10-4A22-B7C1-12231E87D460}.Release|Any CPU.Build.0 = Release|Any CPU
		{3983B235-0C10-4A22-B7C1-12231E87D460}.Release|Any CPU.Deploy.0 = Release|Any CPU
	EndGlobalSection
	GlobalSection(SolutionProperties) = preSolution
		HideSolutionNode = FALSE
	EndGlobalSection
	GlobalSection(ExtensibilityGlobals) = postSolution
		SolutionGuid = {D8C66D0A-AE9E-49A5-8282-D0E7B618ECF4}
	EndGlobalSection
EndGlobal
